// !$*UTF8*$!
{
	archiveVersion = 1;
	classes = {
	};
	objectVersion = 46;
	objects = {

/* Begin PBXBuildFile section */
		6F1C790517E25377003D6796 /* Foundation.framework in Frameworks */ = {isa = PBXBuildFile; fileRef = 6F1C790417E25377003D6796 /* Foundation.framework */; };
		6F1C790717E25377003D6796 /* CoreGraphics.framework in Frameworks */ = {isa = PBXBuildFile; fileRef = 6F1C790617E25377003D6796 /* CoreGraphics.framework */; };
		6F1C790917E25377003D6796 /* UIKit.framework in Frameworks */ = {isa = PBXBuildFile; fileRef = 6F1C790817E25377003D6796 /* UIKit.framework */; };
		6F1C790F17E25377003D6796 /* InfoPlist.strings in Resources */ = {isa = PBXBuildFile; fileRef = 6F1C790D17E25377003D6796 /* InfoPlist.strings */; };
		6F1C791117E25377003D6796 /* main.m in Sources */ = {isa = PBXBuildFile; fileRef = 6F1C791017E25377003D6796 /* main.m */; };
		6F1C791517E25377003D6796 /* DDDDAppDelegate.m in Sources */ = {isa = PBXBuildFile; fileRef = 6F1C791417E25377003D6796 /* DDDDAppDelegate.m */; };
		6F1C791817E25377003D6796 /* Main.storyboard in Resources */ = {isa = PBXBuildFile; fileRef = 6F1C791617E25377003D6796 /* Main.storyboard */; };
		6F1C791B17E25377003D6796 /* DDDDViewController.m in Sources */ = {isa = PBXBuildFile; fileRef = 6F1C791A17E25377003D6796 /* DDDDViewController.m */; };
		6F1C791D17E25377003D6796 /* Images.xcassets in Resources */ = {isa = PBXBuildFile; fileRef = 6F1C791C17E25377003D6796 /* Images.xcassets */; };
		6F1C792417E25377003D6796 /* XCTest.framework in Frameworks */ = {isa = PBXBuildFile; fileRef = 6F1C792317E25377003D6796 /* XCTest.framework */; };
		6F1C792517E25377003D6796 /* Foundation.framework in Frameworks */ = {isa = PBXBuildFile; fileRef = 6F1C790417E25377003D6796 /* Foundation.framework */; };
		6F1C792617E25377003D6796 /* UIKit.framework in Frameworks */ = {isa = PBXBuildFile; fileRef = 6F1C790817E25377003D6796 /* UIKit.framework */; };
		6F1C792E17E25377003D6796 /* InfoPlist.strings in Resources */ = {isa = PBXBuildFile; fileRef = 6F1C792C17E25377003D6796 /* InfoPlist.strings */; };
		6F1C793017E25377003D6796 /* uuuuuuuTests.m in Sources */ = {isa = PBXBuildFile; fileRef = 6F1C792F17E25377003D6796 /* uuuuuuuTests.m */; };
/* End PBXBuildFile section */

/* Begin PBXContainerItemProxy section */
		6F1C792717E25377003D6796 /* PBXContainerItemProxy */ = {
			isa = PBXContainerItemProxy;
			containerPortal = 6F1C78F917E25377003D6796 /* Project object */;
			proxyType = 1;
			remoteGlobalIDString = 6F1C790017E25377003D6796;
			remoteInfo = uuuuuuu;
		};
/* End PBXContainerItemProxy section */

/* Begin PBXFileReference section */
		6F1C790117E25377003D6796 /* uuuuuuu.app */ = {isa = PBXFileReference; explicitFileType = wrapper.application; includeInIndex = 0; path = uuuuuuu.app; sourceTree = BUILT_PRODUCTS_DIR; };
		6F1C790417E25377003D6796 /* Foundation.framework */ = {isa = PBXFileReference; lastKnownFileType = wrapper.framework; name = Foundation.framework; path = System/Library/Frameworks/Foundation.framework; sourceTree = SDKROOT; };
		6F1C790617E25377003D6796 /* CoreGraphics.framework */ = {isa = PBXFileReference; lastKnownFileType = wrapper.framework; name = CoreGraphics.framework; path = System/Library/Frameworks/CoreGraphics.framework; sourceTree = SDKROOT; };
		6F1C790817E25377003D6796 /* UIKit.framework */ = {isa = PBXFileReference; lastKnownFileType = wrapper.framework; name = UIKit.framework; path = System/Library/Frameworks/UIKit.framework; sourceTree = SDKROOT; };
		6F1C790C17E25377003D6796 /* uuuuuuu-Info.plist */ = {isa = PBXFileReference; lastKnownFileType = text.plist.xml; path = "uuuuuuu-Info.plist"; sourceTree = "<group>"; };
		6F1C790E17E25377003D6796 /* en */ = {isa = PBXFileReference; lastKnownFileType = text.plist.strings; name = en; path = en.lproj/InfoPlist.strings; sourceTree = "<group>"; };
		6F1C791017E25377003D6796 /* main.m */ = {isa = PBXFileReference; lastKnownFileType = sourcecode.c.objc; path = main.m; sourceTree = "<group>"; };
		6F1C791217E25377003D6796 /* uuuuuuu-Prefix.pch */ = {isa = PBXFileReference; lastKnownFileType = sourcecode.c.h; path = "uuuuuuu-Prefix.pch"; sourceTree = "<group>"; };
		6F1C791317E25377003D6796 /* DDDDAppDelegate.h */ = {isa = PBXFileReference; lastKnownFileType = sourcecode.c.h; path = DDDDAppDelegate.h; sourceTree = "<group>"; };
		6F1C791417E25377003D6796 /* DDDDAppDelegate.m */ = {isa = PBXFileReference; lastKnownFileType = sourcecode.c.objc; path = DDDDAppDelegate.m; sourceTree = "<group>"; };
		6F1C791717E25377003D6796 /* Base */ = {isa = PBXFileReference; lastKnownFileType = file.storyboard; name = Base; path = Base.lproj/Main.storyboard; sourceTree = "<group>"; };
		6F1C791917E25377003D6796 /* DDDDViewController.h */ = {isa = PBXFileReference; lastKnownFileType = sourcecode.c.h; path = DDDDViewController.h; sourceTree = "<group>"; };
		6F1C791A17E25377003D6796 /* DDDDViewController.m */ = {isa = PBXFileReference; lastKnownFileType = sourcecode.c.objc; path = DDDDViewController.m; sourceTree = "<group>"; };
		6F1C791C17E25377003D6796 /* Images.xcassets */ = {isa = PBXFileReference; lastKnownFileType = folder.assetcatalog; path = Images.xcassets; sourceTree = "<group>"; };
		6F1C792217E25377003D6796 /* uuuuuuuTests.xctest */ = {isa = PBXFileReference; explicitFileType = wrapper.cfbundle; includeInIndex = 0; path = uuuuuuuTests.xctest; sourceTree = BUILT_PRODUCTS_DIR; };
		6F1C792317E25377003D6796 /* XCTest.framework */ = {isa = PBXFileReference; lastKnownFileType = wrapper.framework; name = XCTest.framework; path = Library/Frameworks/XCTest.framework; sourceTree = DEVELOPER_DIR; };
		6F1C792B17E25377003D6796 /* uuuuuuuTests-Info.plist */ = {isa = PBXFileReference; lastKnownFileType = text.plist.xml; path = "uuuuuuuTests-Info.plist"; sourceTree = "<group>"; };
		6F1C792D17E25377003D6796 /* en */ = {isa = PBXFileReference; lastKnownFileType = text.plist.strings; name = en; path = en.lproj/InfoPlist.strings; sourceTree = "<group>"; };
		6F1C792F17E25377003D6796 /* uuuuuuuTests.m */ = {isa = PBXFileReference; lastKnownFileType = sourcecode.c.objc; path = uuuuuuuTests.m; sourceTree = "<group>"; };
/* End PBXFileReference section */

/* Begin PBXFrameworksBuildPhase section */
		6F1C78FE17E25377003D6796 /* Frameworks */ = {
			isa = PBXFrameworksBuildPhase;
			buildActionMask = 2147483647;
			files = (
				6F1C790717E25377003D6796 /* CoreGraphics.framework in Frameworks */,
				6F1C790917E25377003D6796 /* UIKit.framework in Frameworks */,
				6F1C790517E25377003D6796 /* Foundation.framework in Frameworks */,
			);
			runOnlyForDeploymentPostprocessing = 0;
		};
		6F1C791F17E25377003D6796 /* Frameworks */ = {
			isa = PBXFrameworksBuildPhase;
			buildActionMask = 2147483647;
			files = (
				6F1C792417E25377003D6796 /* XCTest.framework in Frameworks */,
				6F1C792617E25377003D6796 /* UIKit.framework in Frameworks */,
				6F1C792517E25377003D6796 /* Foundation.framework in Frameworks */,
			);
			runOnlyForDeploymentPostprocessing = 0;
		};
/* End PBXFrameworksBuildPhase section */

/* Begin PBXGroup section */
		6F1C78F817E25377003D6796 = {
			isa = PBXGroup;
			children = (
				6F1C790A17E25377003D6796 /* uuuuuuu */,
				6F1C792917E25377003D6796 /* uuuuuuuTests */,
				6F1C790317E25377003D6796 /* Frameworks */,
				6F1C790217E25377003D6796 /* Products */,
			);
			sourceTree = "<group>";
		};
		6F1C790217E25377003D6796 /* Products */ = {
			isa = PBXGroup;
			children = (
				6F1C790117E25377003D6796 /* uuuuuuu.app */,
				6F1C792217E25377003D6796 /* uuuuuuuTests.xctest */,
			);
			name = Products;
			sourceTree = "<group>";
		};
		6F1C790317E25377003D6796 /* Frameworks */ = {
			isa = PBXGroup;
			children = (
				6F1C790417E25377003D6796 /* Foundation.framework */,
				6F1C790617E25377003D6796 /* CoreGraphics.framework */,
				6F1C790817E25377003D6796 /* UIKit.framework */,
				6F1C792317E25377003D6796 /* XCTest.framework */,
			);
			name = Frameworks;
			sourceTree = "<group>";
		};
		6F1C790A17E25377003D6796 /* uuuuuuu */ = {
			isa = PBXGroup;
			children = (
				6F1C791317E25377003D6796 /* DDDDAppDelegate.h */,
				6F1C791417E25377003D6796 /* DDDDAppDelegate.m */,
				6F1C791617E25377003D6796 /* Main.storyboard */,
				6F1C791917E25377003D6796 /* DDDDViewController.h */,
				6F1C791A17E25377003D6796 /* DDDDViewController.m */,
				6F1C791C17E25377003D6796 /* Images.xcassets */,
				6F1C790B17E25377003D6796 /* Supporting Files */,
			);
			path = uuuuuuu;
			sourceTree = "<group>";
		};
		6F1C790B17E25377003D6796 /* Supporting Files */ = {
			isa = PBXGroup;
			children = (
				6F1C790C17E25377003D6796 /* uuuuuuu-Info.plist */,
				6F1C790D17E25377003D6796 /* InfoPlist.strings */,
				6F1C791017E25377003D6796 /* main.m */,
				6F1C791217E25377003D6796 /* uuuuuuu-Prefix.pch */,
			);
			name = "Supporting Files";
			sourceTree = "<group>";
		};
		6F1C792917E25377003D6796 /* uuuuuuuTests */ = {
			isa = PBXGroup;
			children = (
				6F1C792F17E25377003D6796 /* uuuuuuuTests.m */,
				6F1C792A17E25377003D6796 /* Supporting Files */,
			);
			path = uuuuuuuTests;
			sourceTree = "<group>";
		};
		6F1C792A17E25377003D6796 /* Supporting Files */ = {
			isa = PBXGroup;
			children = (
				6F1C792B17E25377003D6796 /* uuuuuuuTests-Info.plist */,
				6F1C792C17E25377003D6796 /* InfoPlist.strings */,
			);
			name = "Supporting Files";
			sourceTree = "<group>";
		};
/* End PBXGroup section */

/* Begin PBXNativeTarget section */
		6F1C790017E25377003D6796 /* uuuuuuu */ = {
			isa = PBXNativeTarget;
			buildConfigurationList = 6F1C793317E25377003D6796 /* Build configuration list for PBXNativeTarget "uuuuuuu" */;
			buildPhases = (
				6F1C78FD17E25377003D6796 /* Sources */,
				6F1C78FE17E25377003D6796 /* Frameworks */,
				6F1C78FF17E25377003D6796 /* Resources */,
			);
			buildRules = (
			);
			dependencies = (
			);
			name = uuuuuuu;
			productName = uuuuuuu;
			productReference = 6F1C790117E25377003D6796 /* uuuuuuu.app */;
			productType = "com.apple.product-type.application";
		};
		6F1C792117E25377003D6796 /* uuuuuuuTests */ = {
			isa = PBXNativeTarget;
			buildConfigurationList = 6F1C793617E25377003D6796 /* Build configuration list for PBXNativeTarget "uuuuuuuTests" */;
			buildPhases = (
				6F1C791E17E25377003D6796 /* Sources */,
				6F1C791F17E25377003D6796 /* Frameworks */,
				6F1C792017E25377003D6796 /* Resources */,
			);
			buildRules = (
			);
			dependencies = (
				6F1C792817E25377003D6796 /* PBXTargetDependency */,
			);
			name = uuuuuuuTests;
			productName = uuuuuuuTests;
			productReference = 6F1C792217E25377003D6796 /* uuuuuuuTests.xctest */;
			productType = "com.apple.product-type.bundle.unit-test";
		};
/* End PBXNativeTarget section */

/* Begin PBXProject section */
		6F1C78F917E25377003D6796 /* Project object */ = {
			isa = PBXProject;
			attributes = {
				CLASSPREFIX = DDDD;
				LastUpgradeCheck = 0500;
				ORGANIZATIONNAME = "Modeista Inc";
				TargetAttributes = {
					6F1C792117E25377003D6796 = {
						TestTargetID = 6F1C790017E25377003D6796;
					};
				};
			};
			buildConfigurationList = 6F1C78FC17E25377003D6796 /* Build configuration list for PBXProject "uuuuuuu" */;
			compatibilityVersion = "Xcode 3.2";
			developmentRegion = English;
			hasScannedForEncodings = 0;
			knownRegions = (
				en,
				Base,
			);
			mainGroup = 6F1C78F817E25377003D6796;
			productRefGroup = 6F1C790217E25377003D6796 /* Products */;
			projectDirPath = "";
			projectRoot = "";
			targets = (
				6F1C790017E25377003D6796 /* uuuuuuu */,
				6F1C792117E25377003D6796 /* uuuuuuuTests */,
			);
		};
/* End PBXProject section */

/* Begin PBXResourcesBuildPhase section */
		6F1C78FF17E25377003D6796 /* Resources */ = {
			isa = PBXResourcesBuildPhase;
			buildActionMask = 2147483647;
			files = (
				6F1C791D17E25377003D6796 /* Images.xcassets in Resources */,
				6F1C790F17E25377003D6796 /* InfoPlist.strings in Resources */,
				6F1C791817E25377003D6796 /* Main.storyboard in Resources */,
			);
			runOnlyForDeploymentPostprocessing = 0;
		};
		6F1C792017E25377003D6796 /* Resources */ = {
			isa = PBXResourcesBuildPhase;
			buildActionMask = 2147483647;
			files = (
				6F1C792E17E25377003D6796 /* InfoPlist.strings in Resources */,
			);
			runOnlyForDeploymentPostprocessing = 0;
		};
/* End PBXResourcesBuildPhase section */

/* Begin PBXSourcesBuildPhase section */
		6F1C78FD17E25377003D6796 /* Sources */ = {
			isa = PBXSourcesBuildPhase;
			buildActionMask = 2147483647;
			files = (
				6F1C791517E25377003D6796 /* DDDDAppDelegate.m in Sources */,
				6F1C791117E25377003D6796 /* main.m in Sources */,
				6F1C791B17E25377003D6796 /* DDDDViewController.m in Sources */,
			);
			runOnlyForDeploymentPostprocessing = 0;
		};
		6F1C791E17E25377003D6796 /* Sources */ = {
			isa = PBXSourcesBuildPhase;
			buildActionMask = 2147483647;
			files = (
				6F1C793017E25377003D6796 /* uuuuuuuTests.m in Sources */,
			);
			runOnlyForDeploymentPostprocessing = 0;
		};
/* End PBXSourcesBuildPhase section */

/* Begin PBXTargetDependency section */
		6F1C792817E25377003D6796 /* PBXTargetDependency */ = {
			isa = PBXTargetDependency;
			target = 6F1C790017E25377003D6796 /* uuuuuuu */;
			targetProxy = 6F1C792717E25377003D6796 /* PBXContainerItemProxy */;
		};
/* End PBXTargetDependency section */

/* Begin PBXVariantGroup section */
		6F1C790D17E25377003D6796 /* InfoPlist.strings */ = {
			isa = PBXVariantGroup;
			children = (
				6F1C790E17E25377003D6796 /* en */,
			);
			name = InfoPlist.strings;
			sourceTree = "<group>";
		};
		6F1C791617E25377003D6796 /* Main.storyboard */ = {
			isa = PBXVariantGroup;
			children = (
				6F1C791717E25377003D6796 /* Base */,
			);
			name = Main.storyboard;
			sourceTree = "<group>";
		};
		6F1C792C17E25377003D6796 /* InfoPlist.strings */ = {
			isa = PBXVariantGroup;
			children = (
				6F1C792D17E25377003D6796 /* en */,
			);
			name = InfoPlist.strings;
			sourceTree = "<group>";
		};
/* End PBXVariantGroup section */

/* Begin XCBuildConfiguration section */
		6F1C793117E25377003D6796 /* Debug */ = {
			isa = XCBuildConfiguration;
			buildSettings = {
				ALWAYS_SEARCH_USER_PATHS = NO;
				ARCHS = "$(ARCHS_STANDARD_INCLUDING_64_BIT)";
				CLANG_CXX_LANGUAGE_STANDARD = "gnu++0x";
				CLANG_CXX_LIBRARY = "libc++";
				CLANG_ENABLE_MODULES = YES;
				CLANG_ENABLE_OBJC_ARC = YES;
				CLANG_WARN_BOOL_CONVERSION = YES;
				CLANG_WARN_CONSTANT_CONVERSION = YES;
				CLANG_WARN_DIRECT_OBJC_ISA_USAGE = YES_ERROR;
				CLANG_WARN_EMPTY_BODY = YES;
				CLANG_WARN_ENUM_CONVERSION = YES;
				CLANG_WARN_INT_CONVERSION = YES;
				CLANG_WARN_OBJC_ROOT_CLASS = YES_ERROR;
				CLANG_WARN__DUPLICATE_METHOD_MATCH = YES;
				"CODE_SIGN_IDENTITY[sdk=iphoneos*]" = "iPhone Developer";
				COPY_PHASE_STRIP = NO;
				GCC_C_LANGUAGE_STANDARD = gnu99;
				GCC_DYNAMIC_NO_PIC = NO;
				GCC_OPTIMIZATION_LEVEL = 0;
				GCC_PREPROCESSOR_DEFINITIONS = (
					"DEBUG=1",
					"$(inherited)",
				);
				GCC_SYMBOLS_PRIVATE_EXTERN = NO;
				GCC_WARN_64_TO_32_BIT_CONVERSION = YES;
				GCC_WARN_ABOUT_RETURN_TYPE = YES_ERROR;
				GCC_WARN_UNDECLARED_SELECTOR = YES;
				GCC_WARN_UNINITIALIZED_AUTOS = YES;
				GCC_WARN_UNUSED_FUNCTION = YES;
				GCC_WARN_UNUSED_VARIABLE = YES;
				IPHONEOS_DEPLOYMENT_TARGET = 7.0;
				ONLY_ACTIVE_ARCH = YES;
				SDKROOT = iphoneos;
			};
			name = Debug;
		};
		6F1C793217E25377003D6796 /* Release */ = {
			isa = XCBuildConfiguration;
			buildSettings = {
				ALWAYS_SEARCH_USER_PATHS = NO;
				ARCHS = "$(ARCHS_STANDARD_INCLUDING_64_BIT)";
				CLANG_CXX_LANGUAGE_STANDARD = "gnu++0x";
				CLANG_CXX_LIBRARY = "libc++";
				CLANG_ENABLE_MODULES = YES;
				CLANG_ENABLE_OBJC_ARC = YES;
				CLANG_WARN_BOOL_CONVERSION = YES;
				CLANG_WARN_CONSTANT_CONVERSION = YES;
				CLANG_WARN_DIRECT_OBJC_ISA_USAGE = YES_ERROR;
				CLANG_WARN_EMPTY_BODY = YES;
				CLANG_WARN_ENUM_CONVERSION = YES;
				CLANG_WARN_INT_CONVERSION = YES;
				CLANG_WARN_OBJC_ROOT_CLASS = YES_ERROR;
				CLANG_WARN__DUPLICATE_METHOD_MATCH = YES;
				"CODE_SIGN_IDENTITY[sdk=iphoneos*]" = "iPhone Developer";
				COPY_PHASE_STRIP = YES;
				ENABLE_NS_ASSERTIONS = NO;
				GCC_C_LANGUAGE_STANDARD = gnu99;
				GCC_WARN_64_TO_32_BIT_CONVERSION = YES;
				GCC_WARN_ABOUT_RETURN_TYPE = YES_ERROR;
				GCC_WARN_UNDECLARED_SELECTOR = YES;
				GCC_WARN_UNINITIALIZED_AUTOS = YES;
				GCC_WARN_UNUSED_FUNCTION = YES;
				GCC_WARN_UNUSED_VARIABLE = YES;
				IPHONEOS_DEPLOYMENT_TARGET = 7.0;
				SDKROOT = iphoneos;
				VALIDATE_PRODUCT = YES;
			};
			name = Release;
		};
		6F1C793417E25377003D6796 /* Debug */ = {
			isa = XCBuildConfiguration;
			buildSettings = {
				ASSETCATALOG_COMPILER_APPICON_NAME = AppIcon;
				ASSETCATALOG_COMPILER_LAUNCHIMAGE_NAME = LaunchImage;
				GCC_PRECOMPILE_PREFIX_HEADER = YES;
				GCC_PREFIX_HEADER = "uuuuuuu/uuuuuuu-Prefix.pch";
				INFOPLIST_FILE = "uuuuuuu/uuuuuuu-Info.plist";
				PRODUCT_NAME = "$(TARGET_NAME)";
				WRAPPER_EXTENSION = app;
			};
			name = Debug;
		};
		6F1C793517E25377003D6796 /* Release */ = {
			isa = XCBuildConfiguration;
			buildSettings = {
				ASSETCATALOG_COMPILER_APPICON_NAME = AppIcon;
				ASSETCATALOG_COMPILER_LAUNCHIMAGE_NAME = LaunchImage;
				GCC_PRECOMPILE_PREFIX_HEADER = YES;
				GCC_PREFIX_HEADER = "uuuuuuu/uuuuuuu-Prefix.pch";
				INFOPLIST_FILE = "uuuuuuu/uuuuuuu-Info.plist";
				PRODUCT_NAME = "$(TARGET_NAME)";
				WRAPPER_EXTENSION = app;
			};
			name = Release;
		};
		6F1C793717E25377003D6796 /* Debug */ = {
			isa = XCBuildConfiguration;
			buildSettings = {
				ARCHS = "$(ARCHS_STANDARD_INCLUDING_64_BIT)";
				BUNDLE_LOADER = "$(BUILT_PRODUCTS_DIR)/uuuuuuu.app/uuuuuuu";
				FRAMEWORK_SEARCH_PATHS = (
					"$(SDKROOT)/Developer/Library/Frameworks",
					"$(inherited)",
					"$(DEVELOPER_FRAMEWORKS_DIR)",
				);
				GCC_PRECOMPILE_PREFIX_HEADER = YES;
				GCC_PREFIX_HEADER = "uuuuuuu/uuuuuuu-Prefix.pch";
				GCC_PREPROCESSOR_DEFINITIONS = (
					"DEBUG=1",
					"$(inherited)",
				);
				INFOPLIST_FILE = "uuuuuuuTests/uuuuuuuTests-Info.plist";
				PRODUCT_NAME = "$(TARGET_NAME)";
				TEST_HOST = "$(BUNDLE_LOADER)";
				WRAPPER_EXTENSION = xctest;
			};
			name = Debug;
		};
		6F1C793817E25377003D6796 /* Release */ = {
			isa = XCBuildConfiguration;
			buildSettings = {
				ARCHS = "$(ARCHS_STANDARD_INCLUDING_64_BIT)";
				BUNDLE_LOADER = "$(BUILT_PRODUCTS_DIR)/uuuuuuu.app/uuuuuuu";
				FRAMEWORK_SEARCH_PATHS = (
					"$(SDKROOT)/Developer/Library/Frameworks",
					"$(inherited)",
					"$(DEVELOPER_FRAMEWORKS_DIR)",
				);
				GCC_PRECOMPILE_PREFIX_HEADER = YES;
				GCC_PREFIX_HEADER = "uuuuuuu/uuuuuuu-Prefix.pch";
				INFOPLIST_FILE = "uuuuuuuTests/uuuuuuuTests-Info.plist";
				PRODUCT_NAME = "$(TARGET_NAME)";
				TEST_HOST = "$(BUNDLE_LOADER)";
				WRAPPER_EXTENSION = xctest;
			};
			name = Release;
		};
/* End XCBuildConfiguration section */

/* Begin XCConfigurationList section */
		6F1C78FC17E25377003D6796 /* Build configuration list for PBXProject "uuuuuuu" */ = {
			isa = XCConfigurationList;
			buildConfigurations = (
				6F1C793117E25377003D6796 /* Debug */,
				6F1C793217E25377003D6796 /* Release */,
			);
			defaultConfigurationIsVisible = 0;
			defaultConfigurationName = Release;
		};
		6F1C793317E25377003D6796 /* Build configuration list for PBXNativeTarget "uuuuuuu" */ = {
			isa = XCConfigurationList;
			buildConfigurations = (
				6F1C793417E25377003D6796 /* Debug */,
				6F1C793517E25377003D6796 /* Release */,
			);
			defaultConfigurationIsVisible = 0;
		};
		6F1C793617E25377003D6796 /* Build configuration list for PBXNativeTarget "uuuuuuuTests" */ = {
			isa = XCConfigurationList;
			buildConfigurations = (
				6F1C793717E25377003D6796 /* Debug */,
				6F1C793817E25377003D6796 /* Release */,
			);
			defaultConfigurationIsVisible = 0;
		};
/* End XCConfigurationList section */
	};
	rootObject = 6F1C78F917E25377003D6796 /* Project object */;
}
